
Microsoft Visual Studio Solution File, Format Version 12.00
# Visual Studio 2013
VisualStudioVersion = 12.0.31101.0
MinimumVisualStudioVersion = 10.0.40219.1
Project("{FAE04EC0-301F-11D3-BF4B-00C04F79EFBC}") = "ProjectChallenge", "ProjectChallenge.csproj", "{0FE2E159-BF2B-4F0D-A66B-B13A42F8BD6C}"
EndProject
Global
	GlobalSection(SolutionConfigurationPlatforms) = preSolution
		Debug|Any CPU = Debug|Any CPU
		Release|Any CPU = Release|Any CPU
	EndGlobalSection
	GlobalSection(ProjectConfigurationPlatforms) = postSolution
		{0FE2E159-BF2B-4F0D-A66B-B13A42F8BD6C}.Debug|Any CPU.ActiveCfg = Debug|Any CPU
		{0FE2E159-BF2B-4F0D-A66B-B13A42F8BD6C}.Debug|Any CPU.Build.0 = Debug|Any CPU
		{0FE2E159-BF2B-4F0D-A66B-B13A42F8BD6C}.Release|Any CPU.ActiveCfg = Release|Any CPU
		{0FE2E159-BF2B-4F0D-A66B-B13A42F8BD6C}.Release|Any CPU.Build.0 = Release|Any CPU
	EndGlobalSection
	GlobalSection(SolutionProperties) = preSolution
		HideSolutionNode = FALSE
	EndGlobalSection
EndGlobal
